
Microsoft Visual Studio Solution File, Format Version 12.00
# Visual Studio Version 17
VisualStudioVersion = 17.4.33213.308
MinimumVisualStudioVersion = 10.0.40219.1
Project("{FAE04EC0-301F-11D3-BF4B-00C04F79EFBC}") = "Ejercicio2_IParcial", "Ejercicio2_IParcial\Ejercicio2_IParcial.csproj", "{5446A79A-0D44-4F89-8840-DC75C5E84A51}"
EndProject
Global
	GlobalSection(SolutionConfigurationPlatforms) = preSolution
		Debug|Any CPU = Debug|Any CPU
		Release|Any CPU = Release|Any CPU
	EndGlobalSection
	GlobalSection(ProjectConfigurationPlatforms) = postSolution
		{5446A79A-0D44-4F89-8840-DC75C5E84A51}.Debug|Any CPU.ActiveCfg = Debug|Any CPU
		{5446A79A-0D44-4F89-8840-DC75C5E84A51}.Debug|Any CPU.Build.0 = Debug|Any CPU
		{5446A79A-0D44-4F89-8840-DC75C5E84A51}.Release|Any CPU.ActiveCfg = Release|Any CPU
		{5446A79A-0D44-4F89-8840-DC75C5E84A51}.Release|Any CPU.Build.0 = Release|Any CPU
	EndGlobalSection
	GlobalSection(SolutionProperties) = preSolution
		HideSolutionNode = FALSE
	EndGlobalSection
	GlobalSection(ExtensibilityGlobals) = postSolution
		SolutionGuid = {3C918E5A-0FB9-4942-954D-2FFA7E0C1EE4}
	EndGlobalSection
EndGlobal
